
Microsoft Visual Studio Solution File, Format Version 12.00
# Visual Studio Version 17
VisualStudioVersion = 17.4.33110.190
MinimumVisualStudioVersion = 10.0.40219.1
Project("{FAE04EC0-301F-11D3-BF4B-00C04F79EFBC}") = "NodeApp", "NodeApp\NodeApp.csproj", "{65CFABD6-B6EF-4257-A928-2DF2B459A47A}"
EndProject
Global
	GlobalSection(SolutionConfigurationPlatforms) = preSolution
		Debug|Any CPU = Debug|Any CPU
		Release|Any CPU = Release|Any CPU
	EndGlobalSection
	GlobalSection(ProjectConfigurationPlatforms) = postSolution
		{65CFABD6-B6EF-4257-A928-2DF2B459A47A}.Debug|Any CPU.ActiveCfg = Debug|Any CPU
		{65CFABD6-B6EF-4257-A928-2DF2B459A47A}.Debug|Any CPU.Build.0 = Debug|Any CPU
		{65CFABD6-B6EF-4257-A928-2DF2B459A47A}.Release|Any CPU.ActiveCfg = Release|Any CPU
		{65CFABD6-B6EF-4257-A928-2DF2B459A47A}.Release|Any CPU.Build.0 = Release|Any CPU
	EndGlobalSection
	GlobalSection(SolutionProperties) = preSolution
		HideSolutionNode = FALSE
	EndGlobalSection
	GlobalSection(ExtensibilityGlobals) = postSolution
		SolutionGuid = {AD9217C3-2C80-43A8-8DDC-3A53DA9B7DBA}
	EndGlobalSection
EndGlobal
